
Microsoft Visual Studio Solution File, Format Version 12.00
# Visual Studio Version 17
VisualStudioVersion = 17.10.35004.147
MinimumVisualStudioVersion = 10.0.40219.1
Project("{FAE04EC0-301F-11D3-BF4B-00C04F79EFBC}") = "Puzzle-41", "Puzzle-41\Puzzle-41.csproj", "{266B1E5E-779C-4F27-9433-A12CD8BAB3CE}"
EndProject
Global
	GlobalSection(SolutionConfigurationPlatforms) = preSolution
		Debug|Any CPU = Debug|Any CPU
		Release|Any CPU = Release|Any CPU
	EndGlobalSection
	GlobalSection(ProjectConfigurationPlatforms) = postSolution
		{266B1E5E-779C-4F27-9433-A12CD8BAB3CE}.Debug|Any CPU.ActiveCfg = Debug|Any CPU
		{266B1E5E-779C-4F27-9433-A12CD8BAB3CE}.Debug|Any CPU.Build.0 = Debug|Any CPU
		{266B1E5E-779C-4F27-9433-A12CD8BAB3CE}.Release|Any CPU.ActiveCfg = Release|Any CPU
		{266B1E5E-779C-4F27-9433-A12CD8BAB3CE}.Release|Any CPU.Build.0 = Release|Any CPU
	EndGlobalSection
	GlobalSection(SolutionProperties) = preSolution
		HideSolutionNode = FALSE
	EndGlobalSection
	GlobalSection(ExtensibilityGlobals) = postSolution
		SolutionGuid = {241DA9F2-99F4-48F3-BACF-922416E8F4D3}
	EndGlobalSection
EndGlobal
